
Microsoft Visual Studio Solution File, Format Version 12.00
# Visual Studio Version 16
VisualStudioVersion = 16.0.31112.23
MinimumVisualStudioVersion = 10.0.40219.1
Project("{FAE04EC0-301F-11D3-BF4B-00C04F79EFBC}") = "HW4", "HW4\HW4.csproj", "{21BBF9F1-D237-4DD2-B84C-AE7E1E46AD7E}"
EndProject
Project("{9A19103F-16F7-4668-BE54-9A1E7A4F7556}") = "eHW4.3", "..\eHW4.3\eHW4.3\eHW4.3.csproj", "{D3DDF2A2-1FE8-4D80-8BCB-EB97E0AA3E8A}"
EndProject
Global
	GlobalSection(SolutionConfigurationPlatforms) = preSolution
		Debug|Any CPU = Debug|Any CPU
		Release|Any CPU = Release|Any CPU
	EndGlobalSection
	GlobalSection(ProjectConfigurationPlatforms) = postSolution
		{21BBF9F1-D237-4DD2-B84C-AE7E1E46AD7E}.Debug|Any CPU.ActiveCfg = Debug|Any CPU
		{21BBF9F1-D237-4DD2-B84C-AE7E1E46AD7E}.Debug|Any CPU.Build.0 = Debug|Any CPU
		{21BBF9F1-D237-4DD2-B84C-AE7E1E46AD7E}.Release|Any CPU.ActiveCfg = Release|Any CPU
		{21BBF9F1-D237-4DD2-B84C-AE7E1E46AD7E}.Release|Any CPU.Build.0 = Release|Any CPU
		{D3DDF2A2-1FE8-4D80-8BCB-EB97E0AA3E8A}.Debug|Any CPU.ActiveCfg = Debug|Any CPU
		{D3DDF2A2-1FE8-4D80-8BCB-EB97E0AA3E8A}.Debug|Any CPU.Build.0 = Debug|Any CPU
		{D3DDF2A2-1FE8-4D80-8BCB-EB97E0AA3E8A}.Release|Any CPU.ActiveCfg = Release|Any CPU
		{D3DDF2A2-1FE8-4D80-8BCB-EB97E0AA3E8A}.Release|Any CPU.Build.0 = Release|Any CPU
	EndGlobalSection
	GlobalSection(SolutionProperties) = preSolution
		HideSolutionNode = FALSE
	EndGlobalSection
	GlobalSection(ExtensibilityGlobals) = postSolution
		SolutionGuid = {0544C561-0E05-4B01-9058-355010A5A5D5}
	EndGlobalSection
EndGlobal
